// !$*UTF8*$!
{
	archiveVersion = 1;
	classes = {
	};
	objectVersion = 46;
	objects = {

/* Begin PBXBuildFile section */
		4B3673491E240A870069967C /* AppDelegate.swift in Sources */ = {isa = PBXBuildFile; fileRef = 4B3673481E240A870069967C /* AppDelegate.swift */; };
		4B36734E1E240A870069967C /* Main.storyboard in Resources */ = {isa = PBXBuildFile; fileRef = 4B36734C1E240A870069967C /* Main.storyboard */; };
		4B3673511E240A870069967C /* WildlifeSighting.xcdatamodeld in Sources */ = {isa = PBXBuildFile; fileRef = 4B36734F1E240A870069967C /* WildlifeSighting.xcdatamodeld */; };
		4B3673531E240A870069967C /* Assets.xcassets in Resources */ = {isa = PBXBuildFile; fileRef = 4B3673521E240A870069967C /* Assets.xcassets */; };
		4B3673561E240A870069967C /* LaunchScreen.storyboard in Resources */ = {isa = PBXBuildFile; fileRef = 4B3673541E240A870069967C /* LaunchScreen.storyboard */; };
		4B36735E1E240AF50069967C /* SightingsViewController.swift in Sources */ = {isa = PBXBuildFile; fileRef = 4B36735D1E240AF50069967C /* SightingsViewController.swift */; };
		4B3673651E240C290069967C /* SightingTableViewCell.swift in Sources */ = {isa = PBXBuildFile; fileRef = 4B3673631E240C290069967C /* SightingTableViewCell.swift */; };
		4B3673661E240C290069967C /* SightingTableViewCell.xib in Resources */ = {isa = PBXBuildFile; fileRef = 4B3673641E240C290069967C /* SightingTableViewCell.xib */; };
		4B3673681E240C720069967C /* AddSightingViewController.swift in Sources */ = {isa = PBXBuildFile; fileRef = 4B3673671E240C720069967C /* AddSightingViewController.swift */; };
		4B36736A1E240CA40069967C /* SightingDetailsViewController.swift in Sources */ = {isa = PBXBuildFile; fileRef = 4B3673691E240CA40069967C /* SightingDetailsViewController.swift */; };
		4B9ACB481E24303600F2A93E /* TwitterWebViewController.swift in Sources */ = {isa = PBXBuildFile; fileRef = 4B9ACB471E24303600F2A93E /* TwitterWebViewController.swift */; };
		87B0461066CCE6E88D780705 /* Pods_WildlifeSighting.framework in Frameworks */ = {isa = PBXBuildFile; fileRef = 9276D9B7068E60F130EC3CF3 /* Pods_WildlifeSighting.framework */; };
		9E7A5ACC1E268D8A0097EF95 /* Fieldbook.swift in Sources */ = {isa = PBXBuildFile; fileRef = 9E7A5ACB1E268D8A0097EF95 /* Fieldbook.swift */; };
		9E9DF20E1E25511F00F69C6F /* DarkSkiesWeather.swift in Sources */ = {isa = PBXBuildFile; fileRef = 9E9DF20D1E25511F00F69C6F /* DarkSkiesWeather.swift */; };
		9E9DF2101E25516800F69C6F /* APIRequestManager.swift in Sources */ = {isa = PBXBuildFile; fileRef = 9E9DF20F1E25516800F69C6F /* APIRequestManager.swift */; };
		DE640AE21E2445A2009D056D /* Sighting+Extension.swift in Sources */ = {isa = PBXBuildFile; fileRef = DE640AE11E2445A2009D056D /* Sighting+Extension.swift */; };
		DEDE68441E269BF100A8373A /* SightingMKPointAnnotation.swift in Sources */ = {isa = PBXBuildFile; fileRef = DEDE68431E269BF100A8373A /* SightingMKPointAnnotation.swift */; };
/* End PBXBuildFile section */

/* Begin PBXFileReference section */
		37906581642EE6C505C20ABB /* Pods-WildlifeSighting.debug.xcconfig */ = {isa = PBXFileReference; includeInIndex = 1; lastKnownFileType = text.xcconfig; name = "Pods-WildlifeSighting.debug.xcconfig"; path = "Pods/Target Support Files/Pods-WildlifeSighting/Pods-WildlifeSighting.debug.xcconfig"; sourceTree = "<group>"; };
		4B3673451E240A870069967C /* WildlifeSighting.app */ = {isa = PBXFileReference; explicitFileType = wrapper.application; includeInIndex = 0; path = WildlifeSighting.app; sourceTree = BUILT_PRODUCTS_DIR; };
		4B3673481E240A870069967C /* AppDelegate.swift */ = {isa = PBXFileReference; lastKnownFileType = sourcecode.swift; path = AppDelegate.swift; sourceTree = "<group>"; };
		4B36734D1E240A870069967C /* Base */ = {isa = PBXFileReference; lastKnownFileType = file.storyboard; name = Base; path = Base.lproj/Main.storyboard; sourceTree = "<group>"; };
		4B3673501E240A870069967C /* WildlifeSighting.xcdatamodel */ = {isa = PBXFileReference; lastKnownFileType = wrapper.xcdatamodel; path = WildlifeSighting.xcdatamodel; sourceTree = "<group>"; };
		4B3673521E240A870069967C /* Assets.xcassets */ = {isa = PBXFileReference; lastKnownFileType = folder.assetcatalog; path = Assets.xcassets; sourceTree = "<group>"; };
		4B3673551E240A870069967C /* Base */ = {isa = PBXFileReference; lastKnownFileType = file.storyboard; name = Base; path = Base.lproj/LaunchScreen.storyboard; sourceTree = "<group>"; };
		4B3673571E240A870069967C /* Info.plist */ = {isa = PBXFileReference; lastKnownFileType = text.plist.xml; path = Info.plist; sourceTree = "<group>"; };
		4B36735D1E240AF50069967C /* SightingsViewController.swift */ = {isa = PBXFileReference; fileEncoding = 4; lastKnownFileType = sourcecode.swift; path = SightingsViewController.swift; sourceTree = "<group>"; };
		4B3673631E240C290069967C /* SightingTableViewCell.swift */ = {isa = PBXFileReference; fileEncoding = 4; lastKnownFileType = sourcecode.swift; path = SightingTableViewCell.swift; sourceTree = "<group>"; };
		4B3673641E240C290069967C /* SightingTableViewCell.xib */ = {isa = PBXFileReference; fileEncoding = 4; lastKnownFileType = file.xib; path = SightingTableViewCell.xib; sourceTree = "<group>"; };
		4B3673671E240C720069967C /* AddSightingViewController.swift */ = {isa = PBXFileReference; fileEncoding = 4; lastKnownFileType = sourcecode.swift; path = AddSightingViewController.swift; sourceTree = "<group>"; };
		4B3673691E240CA40069967C /* SightingDetailsViewController.swift */ = {isa = PBXFileReference; fileEncoding = 4; lastKnownFileType = sourcecode.swift; path = SightingDetailsViewController.swift; sourceTree = "<group>"; };
		4B9ACB471E24303600F2A93E /* TwitterWebViewController.swift */ = {isa = PBXFileReference; fileEncoding = 4; lastKnownFileType = sourcecode.swift; path = TwitterWebViewController.swift; sourceTree = "<group>"; };
		63643D13A53EDB24BC35CBE6 /* Pods-WildlifeSighting.release.xcconfig */ = {isa = PBXFileReference; includeInIndex = 1; lastKnownFileType = text.xcconfig; name = "Pods-WildlifeSighting.release.xcconfig"; path = "Pods/Target Support Files/Pods-WildlifeSighting/Pods-WildlifeSighting.release.xcconfig"; sourceTree = "<group>"; };
		9276D9B7068E60F130EC3CF3 /* Pods_WildlifeSighting.framework */ = {isa = PBXFileReference; explicitFileType = wrapper.framework; includeInIndex = 0; path = Pods_WildlifeSighting.framework; sourceTree = BUILT_PRODUCTS_DIR; };
		9E7A5ACB1E268D8A0097EF95 /* Fieldbook.swift */ = {isa = PBXFileReference; fileEncoding = 4; lastKnownFileType = sourcecode.swift; path = Fieldbook.swift; sourceTree = "<group>"; };
		9E9DF20D1E25511F00F69C6F /* DarkSkiesWeather.swift */ = {isa = PBXFileReference; fileEncoding = 4; lastKnownFileType = sourcecode.swift; path = DarkSkiesWeather.swift; sourceTree = "<group>"; };
		9E9DF20F1E25516800F69C6F /* APIRequestManager.swift */ = {isa = PBXFileReference; fileEncoding = 4; lastKnownFileType = sourcecode.swift; path = APIRequestManager.swift; sourceTree = "<group>"; };
		DE640AE11E2445A2009D056D /* Sighting+Extension.swift */ = {isa = PBXFileReference; fileEncoding = 4; lastKnownFileType = sourcecode.swift; path = "Sighting+Extension.swift"; sourceTree = "<group>"; };
		DEDE68431E269BF100A8373A /* SightingMKPointAnnotation.swift */ = {isa = PBXFileReference; fileEncoding = 4; lastKnownFileType = sourcecode.swift; path = SightingMKPointAnnotation.swift; sourceTree = "<group>"; };
/* End PBXFileReference section */

/* Begin PBXFrameworksBuildPhase section */
		4B3673421E240A870069967C /* Frameworks */ = {
			isa = PBXFrameworksBuildPhase;
			buildActionMask = 2147483647;
			files = (
				87B0461066CCE6E88D780705 /* Pods_WildlifeSighting.framework in Frameworks */,
			);
			runOnlyForDeploymentPostprocessing = 0;
		};
/* End PBXFrameworksBuildPhase section */

/* Begin PBXGroup section */
		0A8209ABE5423840B09DCCAE /* Pods */ = {
			isa = PBXGroup;
			children = (
				37906581642EE6C505C20ABB /* Pods-WildlifeSighting.debug.xcconfig */,
				63643D13A53EDB24BC35CBE6 /* Pods-WildlifeSighting.release.xcconfig */,
			);
			name = Pods;
			sourceTree = "<group>";
		};
		46547B38FB8325BC85C98B65 /* Frameworks */ = {
			isa = PBXGroup;
			children = (
				9276D9B7068E60F130EC3CF3 /* Pods_WildlifeSighting.framework */,
			);
			name = Frameworks;
			sourceTree = "<group>";
		};
		4B36733C1E240A870069967C = {
			isa = PBXGroup;
			children = (
				4B3673471E240A870069967C /* WildlifeSighting */,
				4B3673461E240A870069967C /* Products */,
				0A8209ABE5423840B09DCCAE /* Pods */,
				46547B38FB8325BC85C98B65 /* Frameworks */,
			);
			sourceTree = "<group>";
		};
		4B3673461E240A870069967C /* Products */ = {
			isa = PBXGroup;
			children = (
				4B3673451E240A870069967C /* WildlifeSighting.app */,
			);
			name = Products;
			sourceTree = "<group>";
		};
		4B3673471E240A870069967C /* WildlifeSighting */ = {
			isa = PBXGroup;
			children = (
				DE97AFBA1E254465009BD661 /* Model */,
				DE97AFB81E25443C009BD661 /* View Controllers */,
				DE97AFB91E25444E009BD661 /* Table View Cell */,
				DE97AFBB1E25447F009BD661 /* UI */,
				DE97AFBC1E254487009BD661 /* Supporting Files */,
				9E9DF2111E25517400F69C6F /* Networking */,
			);
			path = WildlifeSighting;
			sourceTree = "<group>";
		};
		9E9DF2111E25517400F69C6F /* Networking */ = {
			isa = PBXGroup;
			children = (
				9E9DF20F1E25516800F69C6F /* APIRequestManager.swift */,
			);
			name = Networking;
			sourceTree = "<group>";
		};
		DE97AFB81E25443C009BD661 /* View Controllers */ = {
			isa = PBXGroup;
			children = (
				4B9ACB471E24303600F2A93E /* TwitterWebViewController.swift */,
				4B3673671E240C720069967C /* AddSightingViewController.swift */,
				4B3673691E240CA40069967C /* SightingDetailsViewController.swift */,
				4B36735D1E240AF50069967C /* SightingsViewController.swift */,
			);
			name = "View Controllers";
			sourceTree = "<group>";
		};
		DE97AFB91E25444E009BD661 /* Table View Cell */ = {
			isa = PBXGroup;
			children = (
				4B3673631E240C290069967C /* SightingTableViewCell.swift */,
				4B3673641E240C290069967C /* SightingTableViewCell.xib */,
			);
			name = "Table View Cell";
			sourceTree = "<group>";
		};
		DE97AFBA1E254465009BD661 /* Model */ = {
			isa = PBXGroup;
			children = (
				9E9DF20D1E25511F00F69C6F /* DarkSkiesWeather.swift */,
				DEDE68431E269BF100A8373A /* SightingMKPointAnnotation.swift */,
				DE640AE11E2445A2009D056D /* Sighting+Extension.swift */,
				4B36734F1E240A870069967C /* WildlifeSighting.xcdatamodeld */,
				9E7A5ACB1E268D8A0097EF95 /* Fieldbook.swift */,
			);
			name = Model;
			sourceTree = "<group>";
		};
		DE97AFBB1E25447F009BD661 /* UI */ = {
			isa = PBXGroup;
			children = (
				4B3673541E240A870069967C /* LaunchScreen.storyboard */,
				4B36734C1E240A870069967C /* Main.storyboard */,
			);
			name = UI;
			sourceTree = "<group>";
		};
		DE97AFBC1E254487009BD661 /* Supporting Files */ = {
			isa = PBXGroup;
			children = (
				4B3673481E240A870069967C /* AppDelegate.swift */,
				4B3673521E240A870069967C /* Assets.xcassets */,
				4B3673571E240A870069967C /* Info.plist */,
			);
			name = "Supporting Files";
			sourceTree = "<group>";
		};
/* End PBXGroup section */

/* Begin PBXNativeTarget section */
		4B3673441E240A870069967C /* WildlifeSighting */ = {
			isa = PBXNativeTarget;
			buildConfigurationList = 4B36735A1E240A870069967C /* Build configuration list for PBXNativeTarget "WildlifeSighting" */;
			buildPhases = (
				785A2D3E9666A3C25F4A56A9 /* [CP] Check Pods Manifest.lock */,
				4B3673411E240A870069967C /* Sources */,
				4B3673421E240A870069967C /* Frameworks */,
				4B3673431E240A870069967C /* Resources */,
				1F9147A24C7EA870E493B87E /* [CP] Embed Pods Frameworks */,
				21AE6BF7B16D8CBFCF449218 /* [CP] Copy Pods Resources */,
			);
			buildRules = (
			);
			dependencies = (
			);
			name = WildlifeSighting;
			productName = WildlifeSighting;
			productReference = 4B3673451E240A870069967C /* WildlifeSighting.app */;
			productType = "com.apple.product-type.application";
		};
/* End PBXNativeTarget section */

/* Begin PBXProject section */
		4B36733D1E240A870069967C /* Project object */ = {
			isa = PBXProject;
			attributes = {
				LastSwiftUpdateCheck = 0820;
				LastUpgradeCheck = 0820;
				ORGANIZATIONNAME = "Sabrina, Vic, Tom";
				TargetAttributes = {
					4B3673441E240A870069967C = {
						CreatedOnToolsVersion = 8.2.1;
						DevelopmentTeam = RKDEZ4QK32;
						ProvisioningStyle = Automatic;
					};
				};
			};
			buildConfigurationList = 4B3673401E240A870069967C /* Build configuration list for PBXProject "WildlifeSighting" */;
			compatibilityVersion = "Xcode 3.2";
			developmentRegion = English;
			hasScannedForEncodings = 0;
			knownRegions = (
				en,
				Base,
			);
			mainGroup = 4B36733C1E240A870069967C;
			productRefGroup = 4B3673461E240A870069967C /* Products */;
			projectDirPath = "";
			projectRoot = "";
			targets = (
				4B3673441E240A870069967C /* WildlifeSighting */,
			);
		};
/* End PBXProject section */

/* Begin PBXResourcesBuildPhase section */
		4B3673431E240A870069967C /* Resources */ = {
			isa = PBXResourcesBuildPhase;
			buildActionMask = 2147483647;
			files = (
				4B3673561E240A870069967C /* LaunchScreen.storyboard in Resources */,
				4B3673531E240A870069967C /* Assets.xcassets in Resources */,
				4B3673661E240C290069967C /* SightingTableViewCell.xib in Resources */,
				4B36734E1E240A870069967C /* Main.storyboard in Resources */,
			);
			runOnlyForDeploymentPostprocessing = 0;
		};
/* End PBXResourcesBuildPhase section */

/* Begin PBXShellScriptBuildPhase section */
		1F9147A24C7EA870E493B87E /* [CP] Embed Pods Frameworks */ = {
			isa = PBXShellScriptBuildPhase;
			buildActionMask = 2147483647;
			files = (
			);
			inputPaths = (
			);
			name = "[CP] Embed Pods Frameworks";
			outputPaths = (
			);
			runOnlyForDeploymentPostprocessing = 0;
			shellPath = /bin/sh;
			shellScript = "\"${SRCROOT}/Pods/Target Support Files/Pods-WildlifeSighting/Pods-WildlifeSighting-frameworks.sh\"\n";
			showEnvVarsInLog = 0;
		};
		21AE6BF7B16D8CBFCF449218 /* [CP] Copy Pods Resources */ = {
			isa = PBXShellScriptBuildPhase;
			buildActionMask = 2147483647;
			files = (
			);
			inputPaths = (
			);
			name = "[CP] Copy Pods Resources";
			outputPaths = (
			);
			runOnlyForDeploymentPostprocessing = 0;
			shellPath = /bin/sh;
			shellScript = "\"${SRCROOT}/Pods/Target Support Files/Pods-WildlifeSighting/Pods-WildlifeSighting-resources.sh\"\n";
			showEnvVarsInLog = 0;
		};
		785A2D3E9666A3C25F4A56A9 /* [CP] Check Pods Manifest.lock */ = {
			isa = PBXShellScriptBuildPhase;
			buildActionMask = 2147483647;
			files = (
			);
			inputPaths = (
			);
			name = "[CP] Check Pods Manifest.lock";
			outputPaths = (
			);
			runOnlyForDeploymentPostprocessing = 0;
			shellPath = /bin/sh;
			shellScript = "diff \"${PODS_ROOT}/../Podfile.lock\" \"${PODS_ROOT}/Manifest.lock\" > /dev/null\nif [ $? != 0 ] ; then\n    # print error to STDERR\n    echo \"error: The sandbox is not in sync with the Podfile.lock. Run 'pod install' or update your CocoaPods installation.\" >&2\n    exit 1\nfi\n";
			showEnvVarsInLog = 0;
		};
/* End PBXShellScriptBuildPhase section */

/* Begin PBXSourcesBuildPhase section */
		4B3673411E240A870069967C /* Sources */ = {
			isa = PBXSourcesBuildPhase;
			buildActionMask = 2147483647;
			files = (
				DE640AE21E2445A2009D056D /* Sighting+Extension.swift in Sources */,
				4B3673511E240A870069967C /* WildlifeSighting.xcdatamodeld in Sources */,
				9E9DF2101E25516800F69C6F /* APIRequestManager.swift in Sources */,
				DEDE68441E269BF100A8373A /* SightingMKPointAnnotation.swift in Sources */,
				4B3673681E240C720069967C /* AddSightingViewController.swift in Sources */,
				4B3673491E240A870069967C /* AppDelegate.swift in Sources */,
				4B36736A1E240CA40069967C /* SightingDetailsViewController.swift in Sources */,
				9E9DF20E1E25511F00F69C6F /* DarkSkiesWeather.swift in Sources */,
				4B9ACB481E24303600F2A93E /* TwitterWebViewController.swift in Sources */,
				9E7A5ACC1E268D8A0097EF95 /* Fieldbook.swift in Sources */,
				4B36735E1E240AF50069967C /* SightingsViewController.swift in Sources */,
				4B3673651E240C290069967C /* SightingTableViewCell.swift in Sources */,
			);
			runOnlyForDeploymentPostprocessing = 0;
		};
/* End PBXSourcesBuildPhase section */

/* Begin PBXVariantGroup section */
		4B36734C1E240A870069967C /* Main.storyboard */ = {
			isa = PBXVariantGroup;
			children = (
				4B36734D1E240A870069967C /* Base */,
			);
			name = Main.storyboard;
			sourceTree = "<group>";
		};
		4B3673541E240A870069967C /* LaunchScreen.storyboard */ = {
			isa = PBXVariantGroup;
			children = (
				4B3673551E240A870069967C /* Base */,
			);
			name = LaunchScreen.storyboard;
			sourceTree = "<group>";
		};
/* End PBXVariantGroup section */

/* Begin XCBuildConfiguration section */
		4B3673581E240A870069967C /* Debug */ = {
			isa = XCBuildConfiguration;
			buildSettings = {
				ALWAYS_SEARCH_USER_PATHS = NO;
				CLANG_ANALYZER_NONNULL = YES;
				CLANG_CXX_LANGUAGE_STANDARD = "gnu++0x";
				CLANG_CXX_LIBRARY = "libc++";
				CLANG_ENABLE_MODULES = YES;
				CLANG_ENABLE_OBJC_ARC = YES;
				CLANG_WARN_BOOL_CONVERSION = YES;
				CLANG_WARN_CONSTANT_CONVERSION = YES;
				CLANG_WARN_DIRECT_OBJC_ISA_USAGE = YES_ERROR;
				CLANG_WARN_DOCUMENTATION_COMMENTS = YES;
				CLANG_WARN_EMPTY_BODY = YES;
				CLANG_WARN_ENUM_CONVERSION = YES;
				CLANG_WARN_INFINITE_RECURSION = YES;
				CLANG_WARN_INT_CONVERSION = YES;
				CLANG_WARN_OBJC_ROOT_CLASS = YES_ERROR;
				CLANG_WARN_SUSPICIOUS_MOVE = YES;
				CLANG_WARN_UNREACHABLE_CODE = YES;
				CLANG_WARN__DUPLICATE_METHOD_MATCH = YES;
				"CODE_SIGN_IDENTITY[sdk=iphoneos*]" = "iPhone Developer";
				COPY_PHASE_STRIP = NO;
				DEBUG_INFORMATION_FORMAT = dwarf;
				ENABLE_STRICT_OBJC_MSGSEND = YES;
				ENABLE_TESTABILITY = YES;
				GCC_C_LANGUAGE_STANDARD = gnu99;
				GCC_DYNAMIC_NO_PIC = NO;
				GCC_NO_COMMON_BLOCKS = YES;
				GCC_OPTIMIZATION_LEVEL = 0;
				GCC_PREPROCESSOR_DEFINITIONS = (
					"DEBUG=1",
					"$(inherited)",
				);
				GCC_WARN_64_TO_32_BIT_CONVERSION = YES;
				GCC_WARN_ABOUT_RETURN_TYPE = YES_ERROR;
				GCC_WARN_UNDECLARED_SELECTOR = YES;
				GCC_WARN_UNINITIALIZED_AUTOS = YES_AGGRESSIVE;
				GCC_WARN_UNUSED_FUNCTION = YES;
				GCC_WARN_UNUSED_VARIABLE = YES;
				IPHONEOS_DEPLOYMENT_TARGET = 10.2;
				MTL_ENABLE_DEBUG_INFO = YES;
				ONLY_ACTIVE_ARCH = YES;
				SDKROOT = iphoneos;
				SWIFT_ACTIVE_COMPILATION_CONDITIONS = DEBUG;
				SWIFT_OPTIMIZATION_LEVEL = "-Onone";
				TARGETED_DEVICE_FAMILY = "1,2";
			};
			name = Debug;
		};
		4B3673591E240A870069967C /* Release */ = {
			isa = XCBuildConfiguration;
			buildSettings = {
				ALWAYS_SEARCH_USER_PATHS = NO;
				CLANG_ANALYZER_NONNULL = YES;
				CLANG_CXX_LANGUAGE_STANDARD = "gnu++0x";
				CLANG_CXX_LIBRARY = "libc++";
				CLANG_ENABLE_MODULES = YES;
				CLANG_ENABLE_OBJC_ARC = YES;
				CLANG_WARN_BOOL_CONVERSION = YES;
				CLANG_WARN_CONSTANT_CONVERSION = YES;
				CLANG_WARN_DIRECT_OBJC_ISA_USAGE = YES_ERROR;
				CLANG_WARN_DOCUMENTATION_COMMENTS = YES;
				CLANG_WARN_EMPTY_BODY = YES;
				CLANG_WARN_ENUM_CONVERSION = YES;
				CLANG_WARN_INFINITE_RECURSION = YES;
				CLANG_WARN_INT_CONVERSION = YES;
				CLANG_WARN_OBJC_ROOT_CLASS = YES_ERROR;
				CLANG_WARN_SUSPICIOUS_MOVE = YES;
				CLANG_WARN_UNREACHABLE_CODE = YES;
				CLANG_WARN__DUPLICATE_METHOD_MATCH = YES;
				"CODE_SIGN_IDENTITY[sdk=iphoneos*]" = "iPhone Developer";
				COPY_PHASE_STRIP = NO;
				DEBUG_INFORMATION_FORMAT = "dwarf-with-dsym";
				ENABLE_NS_ASSERTIONS = NO;
				ENABLE_STRICT_OBJC_MSGSEND = YES;
				GCC_C_LANGUAGE_STANDARD = gnu99;
				GCC_NO_COMMON_BLOCKS = YES;
				GCC_WARN_64_TO_32_BIT_CONVERSION = YES;
				GCC_WARN_ABOUT_RETURN_TYPE = YES_ERROR;
				GCC_WARN_UNDECLARED_SELECTOR = YES;
				GCC_WARN_UNINITIALIZED_AUTOS = YES_AGGRESSIVE;
				GCC_WARN_UNUSED_FUNCTION = YES;
				GCC_WARN_UNUSED_VARIABLE = YES;
				IPHONEOS_DEPLOYMENT_TARGET = 10.2;
				MTL_ENABLE_DEBUG_INFO = NO;
				SDKROOT = iphoneos;
				SWIFT_OPTIMIZATION_LEVEL = "-Owholemodule";
				TARGETED_DEVICE_FAMILY = "1,2";
				VALIDATE_PRODUCT = YES;
			};
			name = Release;
		};
		4B36735B1E240A870069967C /* Debug */ = {
			isa = XCBuildConfiguration;
			baseConfigurationReference = 37906581642EE6C505C20ABB /* Pods-WildlifeSighting.debug.xcconfig */;
			buildSettings = {
				ASSETCATALOG_COMPILER_APPICON_NAME = AppIcon;
				DEVELOPMENT_TEAM = RKDEZ4QK32;
				INFOPLIST_FILE = WildlifeSighting/Info.plist;
				LD_RUNPATH_SEARCH_PATHS = "$(inherited) @executable_path/Frameworks";
				PRODUCT_BUNDLE_IDENTIFIER = com.C4Q.WildlifeSighting;
				PRODUCT_NAME = "$(TARGET_NAME)";
				SWIFT_VERSION = 3.0;
			};
			name = Debug;
		};
		4B36735C1E240A870069967C /* Release */ = {
			isa = XCBuildConfiguration;
			baseConfigurationReference = 63643D13A53EDB24BC35CBE6 /* Pods-WildlifeSighting.release.xcconfig */;
			buildSettings = {
				ASSETCATALOG_COMPILER_APPICON_NAME = AppIcon;
				DEVELOPMENT_TEAM = RKDEZ4QK32;
				INFOPLIST_FILE = WildlifeSighting/Info.plist;
				LD_RUNPATH_SEARCH_PATHS = "$(inherited) @executable_path/Frameworks";
				PRODUCT_BUNDLE_IDENTIFIER = com.C4Q.WildlifeSighting;
				PRODUCT_NAME = "$(TARGET_NAME)";
				SWIFT_VERSION = 3.0;
			};
			name = Release;
		};
/* End XCBuildConfiguration section */

/* Begin XCConfigurationList section */
		4B3673401E240A870069967C /* Build configuration list for PBXProject "WildlifeSighting" */ = {
			isa = XCConfigurationList;
			buildConfigurations = (
				4B3673581E240A870069967C /* Debug */,
				4B3673591E240A870069967C /* Release */,
			);
			defaultConfigurationIsVisible = 0;
			defaultConfigurationName = Release;
		};
		4B36735A1E240A870069967C /* Build configuration list for PBXNativeTarget "WildlifeSighting" */ = {
			isa = XCConfigurationList;
			buildConfigurations = (
				4B36735B1E240A870069967C /* Debug */,
				4B36735C1E240A870069967C /* Release */,
			);
			defaultConfigurationIsVisible = 0;
			defaultConfigurationName = Release;
		};
/* End XCConfigurationList section */

/* Begin XCVersionGroup section */
		4B36734F1E240A870069967C /* WildlifeSighting.xcdatamodeld */ = {
			isa = XCVersionGroup;
			children = (
				4B3673501E240A870069967C /* WildlifeSighting.xcdatamodel */,
			);
			currentVersion = 4B3673501E240A870069967C /* WildlifeSighting.xcdatamodel */;
			path = WildlifeSighting.xcdatamodeld;
			sourceTree = "<group>";
			versionGroupType = wrapper.xcdatamodel;
		};
/* End XCVersionGroup section */
	};
	rootObject = 4B36733D1E240A870069967C /* Project object */;
}
